#
# This file is autogenerated by pip-compile with Python 3.12
# by the following command:
#
#    pip-compile --allow-unsafe --constraint=constraints-production.txt --generate-hashes --output-file=requirements-bootstrap.lock --strip-extras requirements-bootstrap.in
#
packaging==25.0 \
    --hash=sha256:29572ef2b1f17581046b3a2227d5c611fb25ec70ca1ba8554b24b0e69331a484 \
    --hash=sha256:d443872c98d677bf60f6a1f2f8c1cb748e8fe762d2bf9d3148b5599295b0fc4f
    # via
    #   -c constraints-production.txt
    #   wheel
wheel==0.46.2 \
    --hash=sha256:33ae60725d69eaa249bc1982e739943c23b34b58d51f1cb6253453773aca6e65 \
    --hash=sha256:3d79e48fde9847618a5a181f3cc35764c349c752e2fe911e65fa17faab9809b0
    # via
    #   -c constraints-production.txt
    #   -r requirements-bootstrap.in

# The following packages are considered to be unsafe in a requirements file:
pip==26.2.1 \
    --hash=sha256:71138adf1f4ca900cdb7d289c21b7494329f2332b6d85f0e1c42108c0384ed3e \
    --hash=sha256:f6ad667e89a1fe78046c8f13232b247200f5258d7828f3f7883d660878e0813f
    # via
    #   -c constraints-production.txt
    #   -r requirements-bootstrap.in
